
Microsoft Visual Studio Solution File, Format Version 12.00
# Visual Studio Version 16
VisualStudioVersion = 16.0.30611.23
MinimumVisualStudioVersion = 10.0.40219.1
Project("{FAE04EC0-301F-11D3-BF4B-00C04F79EFBC}") = "RpgStore.Server", "RpgStore\Server\RpgStore.Server.csproj", "{C686C83F-EC0C-4C4C-A5B3-E1F1A8AD864B}"
EndProject
Project("{FAE04EC0-301F-11D3-BF4B-00C04F79EFBC}") = "RpgStore.Client", "RpgStore\Client\RpgStore.Client.csproj", "{B1BC7455-1777-40D7-BD8D-937B00BC501B}"
EndProject
Project("{FAE04EC0-301F-11D3-BF4B-00C04F79EFBC}") = "RpgStore.Shared", "RpgStore\Shared\RpgStore.Shared.csproj", "{F0DC7007-BD07-42C4-8070-DF10B33D6180}"
EndProject
Global
	GlobalSection(SolutionConfigurationPlatforms) = preSolution
		Debug|Any CPU = Debug|Any CPU
		Release|Any CPU = Release|Any CPU
	EndGlobalSection
	GlobalSection(ProjectConfigurationPlatforms) = postSolution
		{C686C83F-EC0C-4C4C-A5B3-E1F1A8AD864B}.Debug|Any CPU.ActiveCfg = Debug|Any CPU
		{C686C83F-EC0C-4C4C-A5B3-E1F1A8AD864B}.Debug|Any CPU.Build.0 = Debug|Any CPU
		{C686C83F-EC0C-4C4C-A5B3-E1F1A8AD864B}.Release|Any CPU.ActiveCfg = Release|Any CPU
		{C686C83F-EC0C-4C4C-A5B3-E1F1A8AD864B}.Release|Any CPU.Build.0 = Release|Any CPU
		{B1BC7455-1777-40D7-BD8D-937B00BC501B}.Debug|Any CPU.ActiveCfg = Debug|Any CPU
		{B1BC7455-1777-40D7-BD8D-937B00BC501B}.Debug|Any CPU.Build.0 = Debug|Any CPU
		{B1BC7455-1777-40D7-BD8D-937B00BC501B}.Release|Any CPU.ActiveCfg = Release|Any CPU
		{B1BC7455-1777-40D7-BD8D-937B00BC501B}.Release|Any CPU.Build.0 = Release|Any CPU
		{F0DC7007-BD07-42C4-8070-DF10B33D6180}.Debug|Any CPU.ActiveCfg = Debug|Any CPU
		{F0DC7007-BD07-42C4-8070-DF10B33D6180}.Debug|Any CPU.Build.0 = Debug|Any CPU
		{F0DC7007-BD07-42C4-8070-DF10B33D6180}.Release|Any CPU.ActiveCfg = Release|Any CPU
		{F0DC7007-BD07-42C4-8070-DF10B33D6180}.Release|Any CPU.Build.0 = Release|Any CPU
	EndGlobalSection
	GlobalSection(SolutionProperties) = preSolution
		HideSolutionNode = FALSE
	EndGlobalSection
	GlobalSection(ExtensibilityGlobals) = postSolution
		SolutionGuid = {E2A716F8-7C83-4F18-8BD7-76DC3741B27F}
	EndGlobalSection
EndGlobal
